
Microsoft Visual Studio Solution File, Format Version 12.00
# Visual Studio Version 17
VisualStudioVersion = 17.0.31912.275
MinimumVisualStudioVersion = 10.0.40219.1
Project("{9A19103F-16F7-4668-BE54-9A1E7A4F7556}") = "DataBaseTest", "DataBaseTest\DataBaseTest.csproj", "{957F7F04-202E-42AA-8889-BBE90999A70F}"
EndProject
Global
	GlobalSection(SolutionConfigurationPlatforms) = preSolution
		Debug|Any CPU = Debug|Any CPU
		Release|Any CPU = Release|Any CPU
	EndGlobalSection
	GlobalSection(ProjectConfigurationPlatforms) = postSolution
		{957F7F04-202E-42AA-8889-BBE90999A70F}.Debug|Any CPU.ActiveCfg = Debug|Any CPU
		{957F7F04-202E-42AA-8889-BBE90999A70F}.Debug|Any CPU.Build.0 = Debug|Any CPU
		{957F7F04-202E-42AA-8889-BBE90999A70F}.Release|Any CPU.ActiveCfg = Release|Any CPU
		{957F7F04-202E-42AA-8889-BBE90999A70F}.Release|Any CPU.Build.0 = Release|Any CPU
	EndGlobalSection
	GlobalSection(SolutionProperties) = preSolution
		HideSolutionNode = FALSE
	EndGlobalSection
	GlobalSection(ExtensibilityGlobals) = postSolution
		SolutionGuid = {D3FE316E-0B90-4F24-92AE-46E4FFC16170}
	EndGlobalSection
EndGlobal
